Microsoft Visual Studio Solution File, Format Version 12.00
# Visual Studio Version 17
VisualStudioVersion = 17.5.2.0
MinimumVisualStudioVersion = 10.0.40219.1
Project("{FAE04EC0-301F-11D3-BF4B-00C04F79EFBC}") = "CheckMatePOS", "CheckMatePOS.csproj", "{DB60CF89-6F4B-9434-F54E-EC869A4DB10E}"
EndProject
Global
	GlobalSection(SolutionConfigurationPlatforms) = preSolution
		Debug|Any CPU = Debug|Any CPU
		Release|Any CPU = Release|Any CPU
	EndGlobalSection
	GlobalSection(ProjectConfigurationPlatforms) = postSolution
		{DB60CF89-6F4B-9434-F54E-EC869A4DB10E}.Debug|Any CPU.ActiveCfg = Debug|Any CPU
		{DB60CF89-6F4B-9434-F54E-EC869A4DB10E}.Debug|Any CPU.Build.0 = Debug|Any CPU
		{DB60CF89-6F4B-9434-F54E-EC869A4DB10E}.Release|Any CPU.ActiveCfg = Release|Any CPU
		{DB60CF89-6F4B-9434-F54E-EC869A4DB10E}.Release|Any CPU.Build.0 = Release|Any CPU
	EndGlobalSection
	GlobalSection(SolutionProperties) = preSolution
		HideSolutionNode = FALSE
	EndGlobalSection
	GlobalSection(ExtensibilityGlobals) = postSolution
		SolutionGuid = {15AD6A37-8548-4324-8E03-D7B0A231592A}
	EndGlobalSection
EndGlobal
